// !$*UTF8*$!
{
	archiveVersion = 1;
	classes = {
	};
	objectVersion = 55;
	objects = {

/* Begin PBXBuildFile section */
		FA4DC006290C406200B2B1BC /* DeviceAdvDataView.swift in Sources */ = {isa = PBXBuildFile; fileRef = FA4DC005290C406200B2B1BC /* DeviceAdvDataView.swift */; };
		FA9487722A1FA050005F2A14 /* TestCaseRunView.swift in Sources */ = {isa = PBXBuildFile; fileRef = FA9487712A1FA050005F2A14 /* TestCaseRunView.swift */; };
		FA9A4C9C2A042D160056E5A1 /* TestCaseView.swift in Sources */ = {isa = PBXBuildFile; fileRef = FA9A4C9B2A042D160056E5A1 /* TestCaseView.swift */; };
		FA9A4C9E2A0433740056E5A1 /* TestCase.swift in Sources */ = {isa = PBXBuildFile; fileRef = FA9A4C9D2A0433740056E5A1 /* TestCase.swift */; };
		FAD2994328F4D89800F53608 /* BLEScannerApp.swift in Sources */ = {isa = PBXBuildFile; fileRef = FAD2994228F4D89800F53608 /* BLEScannerApp.swift */; };
		FAD2994528F4D89800F53608 /* DeviceListView.swift in Sources */ = {isa = PBXBuildFile; fileRef = FAD2994428F4D89800F53608 /* DeviceListView.swift */; };
		FAD2994728F4D89900F53608 /* Assets.xcassets in Resources */ = {isa = PBXBuildFile; fileRef = FAD2994628F4D89900F53608 /* Assets.xcassets */; };
		FAD2994A28F4D89900F53608 /* Preview Assets.xcassets in Resources */ = {isa = PBXBuildFile; fileRef = FAD2994928F4D89900F53608 /* Preview Assets.xcassets */; };
		FAD2995428F4D89A00F53608 /* BLEScannerTests.swift in Sources */ = {isa = PBXBuildFile; fileRef = FAD2995328F4D89A00F53608 /* BLEScannerTests.swift */; };
		FAD2995E28F4D89A00F53608 /* BLEScannerUITests.swift in Sources */ = {isa = PBXBuildFile; fileRef = FAD2995D28F4D89A00F53608 /* BLEScannerUITests.swift */; };
		FAD2996028F4D89A00F53608 /* BLEScannerUITestsLaunchTests.swift in Sources */ = {isa = PBXBuildFile; fileRef = FAD2995F28F4D89A00F53608 /* BLEScannerUITestsLaunchTests.swift */; };
		FAD2996E28F4DADD00F53608 /* Device.swift in Sources */ = {isa = PBXBuildFile; fileRef = FAD2996D28F4DADD00F53608 /* Device.swift */; };
		FAE3F2F729003A0300C4C036 /* BluetoothRadio.swift in Sources */ = {isa = PBXBuildFile; fileRef = FAE3F2F629003A0300C4C036 /* BluetoothRadio.swift */; };
		FAE62FD32A0D23D3000A9C0A /* TestRunner.swift in Sources */ = {isa = PBXBuildFile; fileRef = FAE62FD22A0D23D3000A9C0A /* TestRunner.swift */; };
		FAE62FD62A13BFA8000A9C0A /* Stopwatch.swift in Sources */ = {isa = PBXBuildFile; fileRef = FAE62FD52A13BFA8000A9C0A /* Stopwatch.swift */; };
		FAF1C6D629FACADB006841B3 /* TestCaseListView.swift in Sources */ = {isa = PBXBuildFile; fileRef = FAF1C6D529FACADB006841B3 /* TestCaseListView.swift */; };
		FAFA278B2906F12400CE0AE8 /* DeviceView.swift in Sources */ = {isa = PBXBuildFile; fileRef = FAFA278A2906F12400CE0AE8 /* DeviceView.swift */; };
/* End PBXBuildFile section */

/* Begin PBXContainerItemProxy section */
		FAD2995028F4D89A00F53608 /* PBXContainerItemProxy */ = {
			isa = PBXContainerItemProxy;
			containerPortal = FAD2993728F4D89800F53608 /* Project object */;
			proxyType = 1;
			remoteGlobalIDString = FAD2993E28F4D89800F53608;
			remoteInfo = BLEScanner;
		};
		FAD2995A28F4D89A00F53608 /* PBXContainerItemProxy */ = {
			isa = PBXContainerItemProxy;
			containerPortal = FAD2993728F4D89800F53608 /* Project object */;
			proxyType = 1;
			remoteGlobalIDString = FAD2993E28F4D89800F53608;
			remoteInfo = BLEScanner;
		};
/* End PBXContainerItemProxy section */

/* Begin PBXFileReference section */
		FA4DC005290C406200B2B1BC /* DeviceAdvDataView.swift */ = {isa = PBXFileReference; lastKnownFileType = sourcecode.swift; path = DeviceAdvDataView.swift; sourceTree = "<group>"; };
		FA74F1C029140C2D00C7F708 /* Info.plist */ = {isa = PBXFileReference; lastKnownFileType = text.plist.xml; path = Info.plist; sourceTree = "<group>"; };
		FA9487712A1FA050005F2A14 /* TestCaseRunView.swift */ = {isa = PBXFileReference; lastKnownFileType = sourcecode.swift; path = TestCaseRunView.swift; sourceTree = "<group>"; };
		FA9A4C9B2A042D160056E5A1 /* TestCaseView.swift */ = {isa = PBXFileReference; lastKnownFileType = sourcecode.swift; path = TestCaseView.swift; sourceTree = "<group>"; };
		FA9A4C9D2A0433740056E5A1 /* TestCase.swift */ = {isa = PBXFileReference; lastKnownFileType = sourcecode.swift; path = TestCase.swift; sourceTree = "<group>"; };
		FAD2993F28F4D89800F53608 /* BLEScanner.app */ = {isa = PBXFileReference; explicitFileType = wrapper.application; includeInIndex = 0; path = BLEScanner.app; sourceTree = BUILT_PRODUCTS_DIR; };
		FAD2994228F4D89800F53608 /* BLEScannerApp.swift */ = {isa = PBXFileReference; lastKnownFileType = sourcecode.swift; path = BLEScannerApp.swift; sourceTree = "<group>"; };
		FAD2994428F4D89800F53608 /* DeviceListView.swift */ = {isa = PBXFileReference; lastKnownFileType = sourcecode.swift; path = DeviceListView.swift; sourceTree = "<group>"; };
		FAD2994628F4D89900F53608 /* Assets.xcassets */ = {isa = PBXFileReference; lastKnownFileType = folder.assetcatalog; path = Assets.xcassets; sourceTree = "<group>"; };
		FAD2994928F4D89900F53608 /* Preview Assets.xcassets */ = {isa = PBXFileReference; lastKnownFileType = folder.assetcatalog; path = "Preview Assets.xcassets"; sourceTree = "<group>"; };
		FAD2994F28F4D89A00F53608 /* BLEScannerTests.xctest */ = {isa = PBXFileReference; explicitFileType = wrapper.cfbundle; includeInIndex = 0; path = BLEScannerTests.xctest; sourceTree = BUILT_PRODUCTS_DIR; };
		FAD2995328F4D89A00F53608 /* BLEScannerTests.swift */ = {isa = PBXFileReference; lastKnownFileType = sourcecode.swift; path = BLEScannerTests.swift; sourceTree = "<group>"; };
		FAD2995928F4D89A00F53608 /* BLEScannerUITests.xctest */ = {isa = PBXFileReference; explicitFileType = wrapper.cfbundle; includeInIndex = 0; path = BLEScannerUITests.xctest; sourceTree = BUILT_PRODUCTS_DIR; };
		FAD2995D28F4D89A00F53608 /* BLEScannerUITests.swift */ = {isa = PBXFileReference; lastKnownFileType = sourcecode.swift; path = BLEScannerUITests.swift; sourceTree = "<group>"; };
		FAD2995F28F4D89A00F53608 /* BLEScannerUITestsLaunchTests.swift */ = {isa = PBXFileReference; lastKnownFileType = sourcecode.swift; path = BLEScannerUITestsLaunchTests.swift; sourceTree = "<group>"; };
		FAD2996D28F4DADD00F53608 /* Device.swift */ = {isa = PBXFileReference; lastKnownFileType = sourcecode.swift; path = Device.swift; sourceTree = "<group>"; };
		FAE3F2F629003A0300C4C036 /* BluetoothRadio.swift */ = {isa = PBXFileReference; lastKnownFileType = sourcecode.swift; path = BluetoothRadio.swift; sourceTree = "<group>"; };
		FAE62FD22A0D23D3000A9C0A /* TestRunner.swift */ = {isa = PBXFileReference; lastKnownFileType = sourcecode.swift; path = TestRunner.swift; sourceTree = "<group>"; };
		FAE62FD52A13BFA8000A9C0A /* Stopwatch.swift */ = {isa = PBXFileReference; lastKnownFileType = sourcecode.swift; path = Stopwatch.swift; sourceTree = "<group>"; };
		FAF1C6D529FACADB006841B3 /* TestCaseListView.swift */ = {isa = PBXFileReference; lastKnownFileType = sourcecode.swift; path = TestCaseListView.swift; sourceTree = "<group>"; };
		FAFA278A2906F12400CE0AE8 /* DeviceView.swift */ = {isa = PBXFileReference; lastKnownFileType = sourcecode.swift; path = DeviceView.swift; sourceTree = "<group>"; };
/* End PBXFileReference section */

/* Begin PBXFrameworksBuildPhase section */
		FAD2993C28F4D89800F53608 /* Frameworks */ = {
			isa = PBXFrameworksBuildPhase;
			buildActionMask = 2147483647;
			files = (
			);
			runOnlyForDeploymentPostprocessing = 0;
		};
		FAD2994C28F4D89A00F53608 /* Frameworks */ = {
			isa = PBXFrameworksBuildPhase;
			buildActionMask = 2147483647;
			files = (
			);
			runOnlyForDeploymentPostprocessing = 0;
		};
		FAD2995628F4D89A00F53608 /* Frameworks */ = {
			isa = PBXFrameworksBuildPhase;
			buildActionMask = 2147483647;
			files = (
			);
			runOnlyForDeploymentPostprocessing = 0;
		};
/* End PBXFrameworksBuildPhase section */

/* Begin PBXGroup section */
		FA5361462A166BE8000A3750 /* Services */ = {
			isa = PBXGroup;
			children = (
				FAE62FD22A0D23D3000A9C0A /* TestRunner.swift */,
			);
			path = Services;
			sourceTree = "<group>";
		};
		FA5361472A166BFC000A3750 /* Models */ = {
			isa = PBXGroup;
			children = (
				FA9A4C9D2A0433740056E5A1 /* TestCase.swift */,
			);
			path = Models;
			sourceTree = "<group>";
		};
		FA5361482A166C15000A3750 /* Models */ = {
			isa = PBXGroup;
			children = (
				FAD2996D28F4DADD00F53608 /* Device.swift */,
			);
			path = Models;
			sourceTree = "<group>";
		};
		FAD2993628F4D89800F53608 = {
			isa = PBXGroup;
			children = (
				FAD2994128F4D89800F53608 /* BLEScanner */,
				FAD2995228F4D89A00F53608 /* BLEScannerTests */,
				FAD2995C28F4D89A00F53608 /* BLEScannerUITests */,
				FAD2994028F4D89800F53608 /* Products */,
			);
			sourceTree = "<group>";
		};
		FAD2994028F4D89800F53608 /* Products */ = {
			isa = PBXGroup;
			children = (
				FAD2993F28F4D89800F53608 /* BLEScanner.app */,
				FAD2994F28F4D89A00F53608 /* BLEScannerTests.xctest */,
				FAD2995928F4D89A00F53608 /* BLEScannerUITests.xctest */,
			);
			name = Products;
			sourceTree = "<group>";
		};
		FAD2994128F4D89800F53608 /* BLEScanner */ = {
			isa = PBXGroup;
			children = (
				FAE3F2F5290039EF00C4C036 /* Infra */,
				FAE62FD42A13BF9B000A9C0A /* Measurements */,
				FAF1C6D429FACAAB006841B3 /* Testing */,
				FA74F1C029140C2D00C7F708 /* Info.plist */,
				FAFA27892906F0FF00CE0AE8 /* Scanner */,
				FAD2994228F4D89800F53608 /* BLEScannerApp.swift */,
				FAD2994628F4D89900F53608 /* Assets.xcassets */,
				FAD2994828F4D89900F53608 /* Preview Content */,
			);
			path = BLEScanner;
			sourceTree = "<group>";
		};
		FAD2994828F4D89900F53608 /* Preview Content */ = {
			isa = PBXGroup;
			children = (
				FAD2994928F4D89900F53608 /* Preview Assets.xcassets */,
			);
			path = "Preview Content";
			sourceTree = "<group>";
		};
		FAD2995228F4D89A00F53608 /* BLEScannerTests */ = {
			isa = PBXGroup;
			children = (
				FAD2995328F4D89A00F53608 /* BLEScannerTests.swift */,
			);
			path = BLEScannerTests;
			sourceTree = "<group>";
		};
		FAD2995C28F4D89A00F53608 /* BLEScannerUITests */ = {
			isa = PBXGroup;
			children = (
				FAD2995D28F4D89A00F53608 /* BLEScannerUITests.swift */,
				FAD2995F28F4D89A00F53608 /* BLEScannerUITestsLaunchTests.swift */,
			);
			path = BLEScannerUITests;
			sourceTree = "<group>";
		};
		FAE3F2F5290039EF00C4C036 /* Infra */ = {
			isa = PBXGroup;
			children = (
				FAE3F2F629003A0300C4C036 /* BluetoothRadio.swift */,
			);
			path = Infra;
			sourceTree = "<group>";
		};
		FAE62FD42A13BF9B000A9C0A /* Measurements */ = {
			isa = PBXGroup;
			children = (
				FAE62FD52A13BFA8000A9C0A /* Stopwatch.swift */,
			);
			path = Measurements;
			sourceTree = "<group>";
		};
		FAF1C6D429FACAAB006841B3 /* Testing */ = {
			isa = PBXGroup;
			children = (
				FA5361472A166BFC000A3750 /* Models */,
				FA5361462A166BE8000A3750 /* Services */,
				FAF1C6D529FACADB006841B3 /* TestCaseListView.swift */,
				FA9A4C9B2A042D160056E5A1 /* TestCaseView.swift */,
				FA9487712A1FA050005F2A14 /* TestCaseRunView.swift */,
			);
			path = Testing;
			sourceTree = "<group>";
		};
		FAFA27892906F0FF00CE0AE8 /* Scanner */ = {
			isa = PBXGroup;
			children = (
				FA5361482A166C15000A3750 /* Models */,
				FAD2994428F4D89800F53608 /* DeviceListView.swift */,
				FAFA278A2906F12400CE0AE8 /* DeviceView.swift */,
				FA4DC005290C406200B2B1BC /* DeviceAdvDataView.swift */,
			);
			path = Scanner;
			sourceTree = "<group>";
		};
/* End PBXGroup section */

/* Begin PBXNativeTarget section */
		FAD2993E28F4D89800F53608 /* BLEScanner */ = {
			isa = PBXNativeTarget;
			buildConfigurationList = FAD2996328F4D89A00F53608 /* Build configuration list for PBXNativeTarget "BLEScanner" */;
			buildPhases = (
				FAD2993B28F4D89800F53608 /* Sources */,
				FAD2993C28F4D89800F53608 /* Frameworks */,
				FAD2993D28F4D89800F53608 /* Resources */,
			);
			buildRules = (
			);
			dependencies = (
			);
			name = BLEScanner;
			productName = BLEScanner;
			productReference = FAD2993F28F4D89800F53608 /* BLEScanner.app */;
			productType = "com.apple.product-type.application";
		};
		FAD2994E28F4D89A00F53608 /* BLEScannerTests */ = {
			isa = PBXNativeTarget;
			buildConfigurationList = FAD2996628F4D89A00F53608 /* Build configuration list for PBXNativeTarget "BLEScannerTests" */;
			buildPhases = (
				FAD2994B28F4D89A00F53608 /* Sources */,
				FAD2994C28F4D89A00F53608 /* Frameworks */,
				FAD2994D28F4D89A00F53608 /* Resources */,
			);
			buildRules = (
			);
			dependencies = (
				FAD2995128F4D89A00F53608 /* PBXTargetDependency */,
			);
			name = BLEScannerTests;
			productName = BLEScannerTests;
			productReference = FAD2994F28F4D89A00F53608 /* BLEScannerTests.xctest */;
			productType = "com.apple.product-type.bundle.unit-test";
		};
		FAD2995828F4D89A00F53608 /* BLEScannerUITests */ = {
			isa = PBXNativeTarget;
			buildConfigurationList = FAD2996928F4D89A00F53608 /* Build configuration list for PBXNativeTarget "BLEScannerUITests" */;
			buildPhases = (
				FAD2995528F4D89A00F53608 /* Sources */,
				FAD2995628F4D89A00F53608 /* Frameworks */,
				FAD2995728F4D89A00F53608 /* Resources */,
			);
			buildRules = (
			);
			dependencies = (
				FAD2995B28F4D89A00F53608 /* PBXTargetDependency */,
			);
			name = BLEScannerUITests;
			productName = BLEScannerUITests;
			productReference = FAD2995928F4D89A00F53608 /* BLEScannerUITests.xctest */;
			productType = "com.apple.product-type.bundle.ui-testing";
		};
/* End PBXNativeTarget section */

/* Begin PBXProject section */
		FAD2993728F4D89800F53608 /* Project object */ = {
			isa = PBXProject;
			attributes = {
				BuildIndependentTargetsInParallel = 1;
				LastSwiftUpdateCheck = 1340;
				LastUpgradeCheck = 1340;
				TargetAttributes = {
					FAD2993E28F4D89800F53608 = {
						CreatedOnToolsVersion = 13.4.1;
					};
					FAD2994E28F4D89A00F53608 = {
						CreatedOnToolsVersion = 13.4.1;
						TestTargetID = FAD2993E28F4D89800F53608;
					};
					FAD2995828F4D89A00F53608 = {
						CreatedOnToolsVersion = 13.4.1;
						TestTargetID = FAD2993E28F4D89800F53608;
					};
				};
			};
			buildConfigurationList = FAD2993A28F4D89800F53608 /* Build configuration list for PBXProject "BLEScanner" */;
			compatibilityVersion = "Xcode 13.0";
			developmentRegion = en;
			hasScannedForEncodings = 0;
			knownRegions = (
				en,
				Base,
			);
			mainGroup = FAD2993628F4D89800F53608;
			productRefGroup = FAD2994028F4D89800F53608 /* Products */;
			projectDirPath = "";
			projectRoot = "";
			targets = (
				FAD2993E28F4D89800F53608 /* BLEScanner */,
				FAD2994E28F4D89A00F53608 /* BLEScannerTests */,
				FAD2995828F4D89A00F53608 /* BLEScannerUITests */,
			);
		};
/* End PBXProject section */

/* Begin PBXResourcesBuildPhase section */
		FAD2993D28F4D89800F53608 /* Resources */ = {
			isa = PBXResourcesBuildPhase;
			buildActionMask = 2147483647;
			files = (
				FAD2994A28F4D89900F53608 /* Preview Assets.xcassets in Resources */,
				FAD2994728F4D89900F53608 /* Assets.xcassets in Resources */,
			);
			runOnlyForDeploymentPostprocessing = 0;
		};
		FAD2994D28F4D89A00F53608 /* Resources */ = {
			isa = PBXResourcesBuildPhase;
			buildActionMask = 2147483647;
			files = (
			);
			runOnlyForDeploymentPostprocessing = 0;
		};
		FAD2995728F4D89A00F53608 /* Resources */ = {
			isa = PBXResourcesBuildPhase;
			buildActionMask = 2147483647;
			files = (
			);
			runOnlyForDeploymentPostprocessing = 0;
		};
/* End PBXResourcesBuildPhase section */

/* Begin PBXSourcesBuildPhase section */
		FAD2993B28F4D89800F53608 /* Sources */ = {
			isa = PBXSourcesBuildPhase;
			buildActionMask = 2147483647;
			files = (
				FA4DC006290C406200B2B1BC /* DeviceAdvDataView.swift in Sources */,
				FAD2996E28F4DADD00F53608 /* Device.swift in Sources */,
				FAE3F2F729003A0300C4C036 /* BluetoothRadio.swift in Sources */,
				FAD2994528F4D89800F53608 /* DeviceListView.swift in Sources */,
				FA9487722A1FA050005F2A14 /* TestCaseRunView.swift in Sources */,
				FAE62FD62A13BFA8000A9C0A /* Stopwatch.swift in Sources */,
				FA9A4C9C2A042D160056E5A1 /* TestCaseView.swift in Sources */,
				FA9A4C9E2A0433740056E5A1 /* TestCase.swift in Sources */,
				FAF1C6D629FACADB006841B3 /* TestCaseListView.swift in Sources */,
				FAE62FD32A0D23D3000A9C0A /* TestRunner.swift in Sources */,
				FAD2994328F4D89800F53608 /* BLEScannerApp.swift in Sources */,
				FAFA278B2906F12400CE0AE8 /* DeviceView.swift in Sources */,
			);
			runOnlyForDeploymentPostprocessing = 0;
		};
		FAD2994B28F4D89A00F53608 /* Sources */ = {
			isa = PBXSourcesBuildPhase;
			buildActionMask = 2147483647;
			files = (
				FAD2995428F4D89A00F53608 /* BLEScannerTests.swift in Sources */,
			);
			runOnlyForDeploymentPostprocessing = 0;
		};
		FAD2995528F4D89A00F53608 /* Sources */ = {
			isa = PBXSourcesBuildPhase;
			buildActionMask = 2147483647;
			files = (
				FAD2995E28F4D89A00F53608 /* BLEScannerUITests.swift in Sources */,
				FAD2996028F4D89A00F53608 /* BLEScannerUITestsLaunchTests.swift in Sources */,
			);
			runOnlyForDeploymentPostprocessing = 0;
		};
/* End PBXSourcesBuildPhase section */

/* Begin PBXTargetDependency section */
		FAD2995128F4D89A00F53608 /* PBXTargetDependency */ = {
			isa = PBXTargetDependency;
			target = FAD2993E28F4D89800F53608 /* BLEScanner */;
			targetProxy = FAD2995028F4D89A00F53608 /* PBXContainerItemProxy */;
		};
		FAD2995B28F4D89A00F53608 /* PBXTargetDependency */ = {
			isa = PBXTargetDependency;
			target = FAD2993E28F4D89800F53608 /* BLEScanner */;
			targetProxy = FAD2995A28F4D89A00F53608 /* PBXContainerItemProxy */;
		};
/* End PBXTargetDependency section */

/* Begin XCBuildConfiguration section */
		FAD2996128F4D89A00F53608 /* Debug */ = {
			isa = XCBuildConfiguration;
			buildSettings = {
				ALWAYS_SEARCH_USER_PATHS = NO;
				CLANG_ANALYZER_NONNULL = YES;
				CLANG_ANALYZER_NUMBER_OBJECT_CONVERSION = YES_AGGRESSIVE;
				CLANG_CXX_LANGUAGE_STANDARD = "gnu++17";
				CLANG_ENABLE_MODULES = YES;
				CLANG_ENABLE_OBJC_ARC = YES;
				CLANG_ENABLE_OBJC_WEAK = YES;
				CLANG_WARN_BLOCK_CAPTURE_AUTORELEASING = YES;
				CLANG_WARN_BOOL_CONVERSION = YES;
				CLANG_WARN_COMMA = YES;
				CLANG_WARN_CONSTANT_CONVERSION = YES;
				CLANG_WARN_DEPRECATED_OBJC_IMPLEMENTATIONS = YES;
				CLANG_WARN_DIRECT_OBJC_ISA_USAGE = YES_ERROR;
				CLANG_WARN_DOCUMENTATION_COMMENTS = YES;
				CLANG_WARN_EMPTY_BODY = YES;
				CLANG_WARN_ENUM_CONVERSION = YES;
				CLANG_WARN_INFINITE_RECURSION = YES;
				CLANG_WARN_INT_CONVERSION = YES;
				CLANG_WARN_NON_LITERAL_NULL_CONVERSION = YES;
				CLANG_WARN_OBJC_IMPLICIT_RETAIN_SELF = YES;
				CLANG_WARN_OBJC_LITERAL_CONVERSION = YES;
				CLANG_WARN_OBJC_ROOT_CLASS = YES_ERROR;
				CLANG_WARN_QUOTED_INCLUDE_IN_FRAMEWORK_HEADER = YES;
				CLANG_WARN_RANGE_LOOP_ANALYSIS = YES;
				CLANG_WARN_STRICT_PROTOTYPES = YES;
				CLANG_WARN_SUSPICIOUS_MOVE = YES;
				CLANG_WARN_UNGUARDED_AVAILABILITY = YES_AGGRESSIVE;
				CLANG_WARN_UNREACHABLE_CODE = YES;
				CLANG_WARN__DUPLICATE_METHOD_MATCH = YES;
				COPY_PHASE_STRIP = NO;
				DEBUG_INFORMATION_FORMAT = dwarf;
				ENABLE_STRICT_OBJC_MSGSEND = YES;
				ENABLE_TESTABILITY = YES;
				GCC_C_LANGUAGE_STANDARD = gnu11;
				GCC_DYNAMIC_NO_PIC = NO;
				GCC_NO_COMMON_BLOCKS = YES;
				GCC_OPTIMIZATION_LEVEL = 0;
				GCC_PREPROCESSOR_DEFINITIONS = (
					"DEBUG=1",
					"$(inherited)",
				);
				GCC_WARN_64_TO_32_BIT_CONVERSION = YES;
				GCC_WARN_ABOUT_RETURN_TYPE = YES_ERROR;
				GCC_WARN_UNDECLARED_SELECTOR = YES;
				GCC_WARN_UNINITIALIZED_AUTOS = YES_AGGRESSIVE;
				GCC_WARN_UNUSED_FUNCTION = YES;
				GCC_WARN_UNUSED_VARIABLE = YES;
				IPHONEOS_DEPLOYMENT_TARGET = 15.5;
				MTL_ENABLE_DEBUG_INFO = INCLUDE_SOURCE;
				MTL_FAST_MATH = YES;
				ONLY_ACTIVE_ARCH = YES;
				SDKROOT = iphoneos;
				SWIFT_ACTIVE_COMPILATION_CONDITIONS = DEBUG;
				SWIFT_OPTIMIZATION_LEVEL = "-Onone";
			};
			name = Debug;
		};
		FAD2996228F4D89A00F53608 /* Release */ = {
			isa = XCBuildConfiguration;
			buildSettings = {
				ALWAYS_SEARCH_USER_PATHS = NO;
				CLANG_ANALYZER_NONNULL = YES;
				CLANG_ANALYZER_NUMBER_OBJECT_CONVERSION = YES_AGGRESSIVE;
				CLANG_CXX_LANGUAGE_STANDARD = "gnu++17";
				CLANG_ENABLE_MODULES = YES;
				CLANG_ENABLE_OBJC_ARC = YES;
				CLANG_ENABLE_OBJC_WEAK = YES;
				CLANG_WARN_BLOCK_CAPTURE_AUTORELEASING = YES;
				CLANG_WARN_BOOL_CONVERSION = YES;
				CLANG_WARN_COMMA = YES;
				CLANG_WARN_CONSTANT_CONVERSION = YES;
				CLANG_WARN_DEPRECATED_OBJC_IMPLEMENTATIONS = YES;
				CLANG_WARN_DIRECT_OBJC_ISA_USAGE = YES_ERROR;
				CLANG_WARN_DOCUMENTATION_COMMENTS = YES;
				CLANG_WARN_EMPTY_BODY = YES;
				CLANG_WARN_ENUM_CONVERSION = YES;
				CLANG_WARN_INFINITE_RECURSION = YES;
				CLANG_WARN_INT_CONVERSION = YES;
				CLANG_WARN_NON_LITERAL_NULL_CONVERSION = YES;
				CLANG_WARN_OBJC_IMPLICIT_RETAIN_SELF = YES;
				CLANG_WARN_OBJC_LITERAL_CONVERSION = YES;
				CLANG_WARN_OBJC_ROOT_CLASS = YES_ERROR;
				CLANG_WARN_QUOTED_INCLUDE_IN_FRAMEWORK_HEADER = YES;
				CLANG_WARN_RANGE_LOOP_ANALYSIS = YES;
				CLANG_WARN_STRICT_PROTOTYPES = YES;
				CLANG_WARN_SUSPICIOUS_MOVE = YES;
				CLANG_WARN_UNGUARDED_AVAILABILITY = YES_AGGRESSIVE;
				CLANG_WARN_UNREACHABLE_CODE = YES;
				CLANG_WARN__DUPLICATE_METHOD_MATCH = YES;
				COPY_PHASE_STRIP = NO;
				DEBUG_INFORMATION_FORMAT = "dwarf-with-dsym";
				ENABLE_NS_ASSERTIONS = NO;
				ENABLE_STRICT_OBJC_MSGSEND = YES;
				GCC_C_LANGUAGE_STANDARD = gnu11;
				GCC_NO_COMMON_BLOCKS = YES;
				GCC_WARN_64_TO_32_BIT_CONVERSION = YES;
				GCC_WARN_ABOUT_RETURN_TYPE = YES_ERROR;
				GCC_WARN_UNDECLARED_SELECTOR = YES;
				GCC_WARN_UNINITIALIZED_AUTOS = YES_AGGRESSIVE;
				GCC_WARN_UNUSED_FUNCTION = YES;
				GCC_WARN_UNUSED_VARIABLE = YES;
				IPHONEOS_DEPLOYMENT_TARGET = 15.5;
				MTL_ENABLE_DEBUG_INFO = NO;
				MTL_FAST_MATH = YES;
				SDKROOT = iphoneos;
				SWIFT_COMPILATION_MODE = wholemodule;
				SWIFT_OPTIMIZATION_LEVEL = "-O";
				VALIDATE_PRODUCT = YES;
			};
			name = Release;
		};
		FAD2996428F4D89A00F53608 /* Debug */ = {
			isa = XCBuildConfiguration;
			buildSettings = {
				ASSETCATALOG_COMPILER_APPICON_NAME = AppIcon;
				ASSETCATALOG_COMPILER_GLOBAL_ACCENT_COLOR_NAME = AccentColor;
				CODE_SIGN_STYLE = Automatic;
				CURRENT_PROJECT_VERSION = 1;
				DEVELOPMENT_ASSET_PATHS = "\"BLEScanner/Preview Content\"";
				DEVELOPMENT_TEAM = T46D5PYZ4X;
				ENABLE_PREVIEWS = YES;
				GENERATE_INFOPLIST_FILE = YES;
				INFOPLIST_FILE = BLEScanner/Info.plist;
				INFOPLIST_KEY_NSBluetoothAlwaysUsageDescription = "We use bluetooth to communicate with other devices.";
				INFOPLIST_KEY_UIApplicationSceneManifest_Generation = YES;
				INFOPLIST_KEY_UIApplicationSupportsIndirectInputEvents = YES;
				INFOPLIST_KEY_UILaunchScreen_Generation = YES;
				INFOPLIST_KEY_UISupportedInterfaceOrientations_iPad = "UIInterfaceOrientationPortrait UIInterfaceOrientationPortraitUpsideDown UIInterfaceOrientationLandscapeLeft UIInterfaceOrientationLandscapeRight";
				INFOPLIST_KEY_UISupportedInterfaceOrientations_iPhone = "UIInterfaceOrientationPortrait UIInterfaceOrientationLandscapeLeft UIInterfaceOrientationLandscapeRight";
				IPHONEOS_DEPLOYMENT_TARGET = 15.6;
				LD_RUNPATH_SEARCH_PATHS = (
					"$(inherited)",
					"@executable_path/Frameworks",
				);
				MARKETING_VERSION = 1.0;
				PRODUCT_BUNDLE_IDENTIFIER = com.ivanpondal.BLEScanner;
				PRODUCT_NAME = "$(TARGET_NAME)";
				SWIFT_EMIT_LOC_STRINGS = YES;
				SWIFT_VERSION = 5.0;
				TARGETED_DEVICE_FAMILY = "1,2";
			};
			name = Debug;
		};
		FAD2996528F4D89A00F53608 /* Release */ = {
			isa = XCBuildConfiguration;
			buildSettings = {
				ASSETCATALOG_COMPILER_APPICON_NAME = AppIcon;
				ASSETCATALOG_COMPILER_GLOBAL_ACCENT_COLOR_NAME = AccentColor;
				CODE_SIGN_STYLE = Automatic;
				CURRENT_PROJECT_VERSION = 1;
				DEVELOPMENT_ASSET_PATHS = "\"BLEScanner/Preview Content\"";
				DEVELOPMENT_TEAM = T46D5PYZ4X;
				ENABLE_PREVIEWS = YES;
				GENERATE_INFOPLIST_FILE = YES;
				INFOPLIST_FILE = BLEScanner/Info.plist;
				INFOPLIST_KEY_NSBluetoothAlwaysUsageDescription = "We use bluetooth to communicate with other devices.";
				INFOPLIST_KEY_UIApplicationSceneManifest_Generation = YES;
				INFOPLIST_KEY_UIApplicationSupportsIndirectInputEvents = YES;
				INFOPLIST_KEY_UILaunchScreen_Generation = YES;
				INFOPLIST_KEY_UISupportedInterfaceOrientations_iPad = "UIInterfaceOrientationPortrait UIInterfaceOrientationPortraitUpsideDown UIInterfaceOrientationLandscapeLeft UIInterfaceOrientationLandscapeRight";
				INFOPLIST_KEY_UISupportedInterfaceOrientations_iPhone = "UIInterfaceOrientationPortrait UIInterfaceOrientationLandscapeLeft UIInterfaceOrientationLandscapeRight";
				IPHONEOS_DEPLOYMENT_TARGET = 15.6;
				LD_RUNPATH_SEARCH_PATHS = (
					"$(inherited)",
					"@executable_path/Frameworks",
				);
				MARKETING_VERSION = 1.0;
				PRODUCT_BUNDLE_IDENTIFIER = com.ivanpondal.BLEScanner;
				PRODUCT_NAME = "$(TARGET_NAME)";
				SWIFT_EMIT_LOC_STRINGS = YES;
				SWIFT_VERSION = 5.0;
				TARGETED_DEVICE_FAMILY = "1,2";
			};
			name = Release;
		};
		FAD2996728F4D89A00F53608 /* Debug */ = {
			isa = XCBuildConfiguration;
			buildSettings = {
				ALWAYS_EMBED_SWIFT_STANDARD_LIBRARIES = YES;
				BUNDLE_LOADER = "$(TEST_HOST)";
				CODE_SIGN_STYLE = Automatic;
				CURRENT_PROJECT_VERSION = 1;
				DEVELOPMENT_TEAM = T46D5PYZ4X;
				GENERATE_INFOPLIST_FILE = YES;
				IPHONEOS_DEPLOYMENT_TARGET = 15.5;
				MARKETING_VERSION = 1.0;
				PRODUCT_BUNDLE_IDENTIFIER = com.ivanpondal.BLEScannerTests;
				PRODUCT_NAME = "$(TARGET_NAME)";
				SWIFT_EMIT_LOC_STRINGS = NO;
				SWIFT_VERSION = 5.0;
				TARGETED_DEVICE_FAMILY = "1,2";
				TEST_HOST = "$(BUILT_PRODUCTS_DIR)/BLEScanner.app/BLEScanner";
			};
			name = Debug;
		};
		FAD2996828F4D89A00F53608 /* Release */ = {
			isa = XCBuildConfiguration;
			buildSettings = {
				ALWAYS_EMBED_SWIFT_STANDARD_LIBRARIES = YES;
				BUNDLE_LOADER = "$(TEST_HOST)";
				CODE_SIGN_STYLE = Automatic;
				CURRENT_PROJECT_VERSION = 1;
				DEVELOPMENT_TEAM = T46D5PYZ4X;
				GENERATE_INFOPLIST_FILE = YES;
				IPHONEOS_DEPLOYMENT_TARGET = 15.5;
				MARKETING_VERSION = 1.0;
				PRODUCT_BUNDLE_IDENTIFIER = com.ivanpondal.BLEScannerTests;
				PRODUCT_NAME = "$(TARGET_NAME)";
				SWIFT_EMIT_LOC_STRINGS = NO;
				SWIFT_VERSION = 5.0;
				TARGETED_DEVICE_FAMILY = "1,2";
				TEST_HOST = "$(BUILT_PRODUCTS_DIR)/BLEScanner.app/BLEScanner";
			};
			name = Release;
		};
		FAD2996A28F4D89A00F53608 /* Debug */ = {
			isa = XCBuildConfiguration;
			buildSettings = {
				ALWAYS_EMBED_SWIFT_STANDARD_LIBRARIES = YES;
				CODE_SIGN_STYLE = Automatic;
				CURRENT_PROJECT_VERSION = 1;
				DEVELOPMENT_TEAM = T46D5PYZ4X;
				GENERATE_INFOPLIST_FILE = YES;
				MARKETING_VERSION = 1.0;
				PRODUCT_BUNDLE_IDENTIFIER = com.ivanpondal.BLEScannerUITests;
				PRODUCT_NAME = "$(TARGET_NAME)";
				SWIFT_EMIT_LOC_STRINGS = NO;
				SWIFT_VERSION = 5.0;
				TARGETED_DEVICE_FAMILY = "1,2";
				TEST_TARGET_NAME = BLEScanner;
			};
			name = Debug;
		};
		FAD2996B28F4D89A00F53608 /* Release */ = {
			isa = XCBuildConfiguration;
			buildSettings = {
				ALWAYS_EMBED_SWIFT_STANDARD_LIBRARIES = YES;
				CODE_SIGN_STYLE = Automatic;
				CURRENT_PROJECT_VERSION = 1;
				DEVELOPMENT_TEAM = T46D5PYZ4X;
				GENERATE_INFOPLIST_FILE = YES;
				MARKETING_VERSION = 1.0;
				PRODUCT_BUNDLE_IDENTIFIER = com.ivanpondal.BLEScannerUITests;
				PRODUCT_NAME = "$(TARGET_NAME)";
				SWIFT_EMIT_LOC_STRINGS = NO;
				SWIFT_VERSION = 5.0;
				TARGETED_DEVICE_FAMILY = "1,2";
				TEST_TARGET_NAME = BLEScanner;
			};
			name = Release;
		};
/* End XCBuildConfiguration section */

/* Begin XCConfigurationList section */
		FAD2993A28F4D89800F53608 /* Build configuration list for PBXProject "BLEScanner" */ = {
			isa = XCConfigurationList;
			buildConfigurations = (
				FAD2996128F4D89A00F53608 /* Debug */,
				FAD2996228F4D89A00F53608 /* Release */,
			);
			defaultConfigurationIsVisible = 0;
			defaultConfigurationName = Release;
		};
		FAD2996328F4D89A00F53608 /* Build configuration list for PBXNativeTarget "BLEScanner" */ = {
			isa = XCConfigurationList;
			buildConfigurations = (
				FAD2996428F4D89A00F53608 /* Debug */,
				FAD2996528F4D89A00F53608 /* Release */,
			);
			defaultConfigurationIsVisible = 0;
			defaultConfigurationName = Release;
		};
		FAD2996628F4D89A00F53608 /* Build configuration list for PBXNativeTarget "BLEScannerTests" */ = {
			isa = XCConfigurationList;
			buildConfigurations = (
				FAD2996728F4D89A00F53608 /* Debug */,
				FAD2996828F4D89A00F53608 /* Release */,
			);
			defaultConfigurationIsVisible = 0;
			defaultConfigurationName = Release;
		};
		FAD2996928F4D89A00F53608 /* Build configuration list for PBXNativeTarget "BLEScannerUITests" */ = {
			isa = XCConfigurationList;
			buildConfigurations = (
				FAD2996A28F4D89A00F53608 /* Debug */,
				FAD2996B28F4D89A00F53608 /* Release */,
			);
			defaultConfigurationIsVisible = 0;
			defaultConfigurationName = Release;
		};
/* End XCConfigurationList section */
	};
	rootObject = FAD2993728F4D89800F53608 /* Project object */;
}
